
Microsoft Visual Studio Solution File, Format Version 12.00
# Visual Studio Version 16
VisualStudioVersion = 16.0.30717.126
MinimumVisualStudioVersion = 10.0.40219.1
Project("{FAE04EC0-301F-11D3-BF4B-00C04F79EFBC}") = "snake game", "snake game\snake game.csproj", "{1360A493-DE8F-4DF0-8E04-B1F2794A0487}"
EndProject
Global
	GlobalSection(SolutionConfigurationPlatforms) = preSolution
		Debug|Any CPU = Debug|Any CPU
		Release|Any CPU = Release|Any CPU
	EndGlobalSection
	GlobalSection(ProjectConfigurationPlatforms) = postSolution
		{1360A493-DE8F-4DF0-8E04-B1F2794A0487}.Debug|Any CPU.ActiveCfg = Debug|Any CPU
		{1360A493-DE8F-4DF0-8E04-B1F2794A0487}.Debug|Any CPU.Build.0 = Debug|Any CPU
		{1360A493-DE8F-4DF0-8E04-B1F2794A0487}.Release|Any CPU.ActiveCfg = Release|Any CPU
		{1360A493-DE8F-4DF0-8E04-B1F2794A0487}.Release|Any CPU.Build.0 = Release|Any CPU
	EndGlobalSection
	GlobalSection(SolutionProperties) = preSolution
		HideSolutionNode = FALSE
	EndGlobalSection
	GlobalSection(ExtensibilityGlobals) = postSolution
		SolutionGuid = {2B245BA2-7F4E-4EFE-A217-E37CBC798258}
	EndGlobalSection
EndGlobal
